
Microsoft Visual Studio Solution File, Format Version 12.00
# Visual Studio Version 16
VisualStudioVersion = 16.0.31321.278
MinimumVisualStudioVersion = 10.0.40219.1
Project("{FAE04EC0-301F-11D3-BF4B-00C04F79EFBC}") = "QLQuanCafe", "QLQuanCafe\QLQuanCafe.csproj", "{FCB01AA1-7B38-4EA9-A794-43B36DD9E1DD}"
EndProject
Global
	GlobalSection(SolutionConfigurationPlatforms) = preSolution
		Debug|Any CPU = Debug|Any CPU
		Release|Any CPU = Release|Any CPU
	EndGlobalSection
	GlobalSection(ProjectConfigurationPlatforms) = postSolution
		{FCB01AA1-7B38-4EA9-A794-43B36DD9E1DD}.Debug|Any CPU.ActiveCfg = Debug|Any CPU
		{FCB01AA1-7B38-4EA9-A794-43B36DD9E1DD}.Debug|Any CPU.Build.0 = Debug|Any CPU
		{FCB01AA1-7B38-4EA9-A794-43B36DD9E1DD}.Release|Any CPU.ActiveCfg = Release|Any CPU
		{FCB01AA1-7B38-4EA9-A794-43B36DD9E1DD}.Release|Any CPU.Build.0 = Release|Any CPU
	EndGlobalSection
	GlobalSection(SolutionProperties) = preSolution
		HideSolutionNode = FALSE
	EndGlobalSection
	GlobalSection(ExtensibilityGlobals) = postSolution
		SolutionGuid = {8951DFB6-3B9E-4CF6-A011-9F1D50F4E599}
	EndGlobalSection
EndGlobal
